
Microsoft Visual Studio Solution File, Format Version 12.00
# Visual Studio Version 16
VisualStudioVersion = 16.0.29306.81
MinimumVisualStudioVersion = 10.0.40219.1
Project("{FAE04EC0-301F-11D3-BF4B-00C04F79EFBC}") = "SetRecycleSound", "SetRecycleSound\SetRecycleSound.csproj", "{B7B3222E-359B-48F5-B144-504E2DCBDF3F}"
EndProject
Global
	GlobalSection(SolutionConfigurationPlatforms) = preSolution
		Debug|Any CPU = Debug|Any CPU
		Release|Any CPU = Release|Any CPU
	EndGlobalSection
	GlobalSection(ProjectConfigurationPlatforms) = postSolution
		{B7B3222E-359B-48F5-B144-504E2DCBDF3F}.Debug|Any CPU.ActiveCfg = Debug|Any CPU
		{B7B3222E-359B-48F5-B144-504E2DCBDF3F}.Debug|Any CPU.Build.0 = Debug|Any CPU
		{B7B3222E-359B-48F5-B144-504E2DCBDF3F}.Release|Any CPU.ActiveCfg = Release|Any CPU
		{B7B3222E-359B-48F5-B144-504E2DCBDF3F}.Release|Any CPU.Build.0 = Release|Any CPU
	EndGlobalSection
	GlobalSection(SolutionProperties) = preSolution
		HideSolutionNode = FALSE
	EndGlobalSection
	GlobalSection(ExtensibilityGlobals) = postSolution
		SolutionGuid = {BD4B6BCA-FEC7-49E7-9C2B-DD92F987D836}
	EndGlobalSection
EndGlobal
